
Microsoft Visual Studio Solution File, Format Version 12.00
# Visual Studio Version 16
VisualStudioVersion = 16.0.29709.97
MinimumVisualStudioVersion = 10.0.40219.1
Project("{FAE04EC0-301F-11D3-BF4B-00C04F79EFBC}") = "vidly", "vidly\vidly.csproj", "{5C994F14-DF84-4018-B916-658EB1940622}"
EndProject
Global
	GlobalSection(SolutionConfigurationPlatforms) = preSolution
		Debug|Any CPU = Debug|Any CPU
		Release|Any CPU = Release|Any CPU
	EndGlobalSection
	GlobalSection(ProjectConfigurationPlatforms) = postSolution
		{5C994F14-DF84-4018-B916-658EB1940622}.Debug|Any CPU.ActiveCfg = Debug|Any CPU
		{5C994F14-DF84-4018-B916-658EB1940622}.Debug|Any CPU.Build.0 = Debug|Any CPU
		{5C994F14-DF84-4018-B916-658EB1940622}.Release|Any CPU.ActiveCfg = Release|Any CPU
		{5C994F14-DF84-4018-B916-658EB1940622}.Release|Any CPU.Build.0 = Release|Any CPU
	EndGlobalSection
	GlobalSection(SolutionProperties) = preSolution
		HideSolutionNode = FALSE
	EndGlobalSection
	GlobalSection(ExtensibilityGlobals) = postSolution
		SolutionGuid = {D729EEBA-9165-41BE-A6BB-7657512EEAC2}
	EndGlobalSection
EndGlobal
